{
  "version": 4,
  "terraform_version": "1.2.7",
  "serial": 531,
  "lineage": "2a6497bb-2778-a041-ba0c-df79b2acee01",
  "outputs": {
    "nfs_ip": {
      "value": [
        "10.0.0.72"
      ],
      "type": [
        "tuple",
        [
          "string"
        ]
      ]
    },
    "vms_ip": {
      "value": [
        "10.0.0.73",
        "10.0.0.74"
      ],
      "type": [
        "tuple",
        [
          "string",
          "string"
        ]
      ]
    }
  },
  "resources": [
    {
      "mode": "managed",
      "type": "local_file",
      "name": "ansible_inventory",
      "provider": "provider[\"registry.terraform.io/hashicorp/local\"]",
      "instances": [
        {
          "schema_version": 0,
          "attributes": {
            "content": "[servers]\ncontroller-00 ansible_host=10.0.0.73\ncontroller-01 ansible_host=10.0.0.74\n\n[nfs-servers]\nnfs-00 ansible_host=10.0.0.72\n\n[servers:vars]\nansible_user=ansible\n\n[nfs-servers:vars]\nansible_user=ansible\n\n",
            "content_base64": null,
            "directory_permission": "0777",
            "file_permission": "0777",
            "filename": "inventory",
            "id": "f34f9733181b36677dbd7105754396520630ea8a",
            "sensitive_content": null,
            "source": null
          },
          "sensitive_attributes": [],
          "private": "bnVsbA==",
          "dependencies": [
            "module.nfs.data.template_file.cloud_init",
            "module.nfs.local_file.cloud_init",
            "module.nfs.null_resource.cloud_init",
            "module.nfs.proxmox_vm_qemu.vm",
            "module.vms.data.template_file.cloud_init",
            "module.vms.local_file.cloud_init",
            "module.vms.null_resource.cloud_init",
            "module.vms.proxmox_vm_qemu.vm"
          ]
        }
      ]
    },
    {
      "module": "module.nfs[0]",
      "mode": "data",
      "type": "template_file",
      "name": "cloud_init",
      "provider": "provider[\"registry.terraform.io/hashicorp/template\"]",
      "instances": [
        {
          "schema_version": 0,
          "attributes": {
            "filename": null,
            "id": "8fe7fe802cfe83749b5141a1d852c8bdf17129f216ae94a96e7602d6c57654b5",
            "rendered": "#cloud-config\nusers:\n  - name: ansible\n    ssh-authorized-keys:\n      - ssh-rsa AAAAB3NzaC1yc2EAAAADAQABAAABAQC9XgHAVxdlC/CHgRlcJ4BolMVVP2Gkcx9tSxAi5tgDqayd1WTKx+8n1zz3Uo/bqSncTlCCixyVGlxDCci2jGxqa415tP9JOE6oO9EhrtzAoVcS0GpwBgBKdob7liP+EtfDqYpbk2k1XIRwhFAySIHt6MmnkHemmxdHA6CzIgEH5Z+1YC3GEvjZ4nFszdKneCUEptRHa84t/TUULeboZ2xsFEqWqOUS7tjtp/h5yBViKLyPIt6vbTuShFYEo49xcodqqWM/JYCqvFtcRXtedscFBKn6LsCRr2Kkw4qlR7xRdRC+m92qvf0WF7dnV9xqjwcriOmJpP+an05X0vchK3EZ craig@Craigs-MBP.home\n\n    sudo: ['ALL=(ALL) NOPASSWD:ALL']\n    groups: sudo\n    shell: /bin/bash\n\npackages: [\"jq\",\"qemu-guest-agent\"]\npackage_update: true\npackage_upgrade: true\n\nfqdn: nfs-0\n\npower_state:\n  mode: reboot\n",
            "template": "#cloud-config\nusers:\n  - name: ${username}\n    ssh-authorized-keys:\n      - ${ssh_public_key}\n    sudo: ['ALL=(ALL) NOPASSWD:ALL']\n    groups: sudo\n    shell: /bin/bash\n\npackages: ${packages}\npackage_update: true\npackage_upgrade: true\n\nfqdn: ${hostname}\n\npower_state:\n  mode: reboot\n",
            "vars": {
              "hostname": "nfs-0",
              "packages": "[\"jq\",\"qemu-guest-agent\"]",
              "ssh_public_key": "ssh-rsa AAAAB3NzaC1yc2EAAAADAQABAAABAQC9XgHAVxdlC/CHgRlcJ4BolMVVP2Gkcx9tSxAi5tgDqayd1WTKx+8n1zz3Uo/bqSncTlCCixyVGlxDCci2jGxqa415tP9JOE6oO9EhrtzAoVcS0GpwBgBKdob7liP+EtfDqYpbk2k1XIRwhFAySIHt6MmnkHemmxdHA6CzIgEH5Z+1YC3GEvjZ4nFszdKneCUEptRHa84t/TUULeboZ2xsFEqWqOUS7tjtp/h5yBViKLyPIt6vbTuShFYEo49xcodqqWM/JYCqvFtcRXtedscFBKn6LsCRr2Kkw4qlR7xRdRC+m92qvf0WF7dnV9xqjwcriOmJpP+an05X0vchK3EZ craig@Craigs-MBP.home\n",
              "username": "ansible"
            }
          },
          "sensitive_attributes": []
        }
      ]
    },
    {
      "module": "module.nfs[0]",
      "mode": "managed",
      "type": "local_file",
      "name": "cloud_init",
      "provider": "provider[\"registry.terraform.io/hashicorp/local\"]",
      "instances": [
        {
          "schema_version": 0,
          "attributes": {
            "content": "#cloud-config\nusers:\n  - name: ansible\n    ssh-authorized-keys:\n      - ssh-rsa AAAAB3NzaC1yc2EAAAADAQABAAABAQC9XgHAVxdlC/CHgRlcJ4BolMVVP2Gkcx9tSxAi5tgDqayd1WTKx+8n1zz3Uo/bqSncTlCCixyVGlxDCci2jGxqa415tP9JOE6oO9EhrtzAoVcS0GpwBgBKdob7liP+EtfDqYpbk2k1XIRwhFAySIHt6MmnkHemmxdHA6CzIgEH5Z+1YC3GEvjZ4nFszdKneCUEptRHa84t/TUULeboZ2xsFEqWqOUS7tjtp/h5yBViKLyPIt6vbTuShFYEo49xcodqqWM/JYCqvFtcRXtedscFBKn6LsCRr2Kkw4qlR7xRdRC+m92qvf0WF7dnV9xqjwcriOmJpP+an05X0vchK3EZ craig@Craigs-MBP.home\n\n    sudo: ['ALL=(ALL) NOPASSWD:ALL']\n    groups: sudo\n    shell: /bin/bash\n\npackages: [\"jq\",\"qemu-guest-agent\"]\npackage_update: true\npackage_upgrade: true\n\nfqdn: nfs-0\n\npower_state:\n  mode: reboot\n",
            "content_base64": null,
            "directory_permission": "0777",
            "file_permission": "0777",
            "filename": "modules/proxmox-cloud-init/files/user_data_cloud_init_nfs-0.cfg",
            "id": "b92b9d7b731a09274730f0962e4ebc1758e6c18b",
            "sensitive_content": null,
            "source": null
          },
          "sensitive_attributes": [],
          "private": "bnVsbA==",
          "dependencies": [
            "module.nfs.data.template_file.cloud_init"
          ]
        }
      ]
    },
    {
      "module": "module.nfs[0]",
      "mode": "managed",
      "type": "null_resource",
      "name": "cloud_init",
      "provider": "provider[\"registry.terraform.io/hashicorp/null\"]",
      "instances": [
        {
          "schema_version": 0,
          "attributes": {
            "id": "7610456664692789251",
            "triggers": null
          },
          "sensitive_attributes": [],
          "private": "bnVsbA==",
          "dependencies": [
            "module.nfs.data.template_file.cloud_init",
            "module.nfs.local_file.cloud_init"
          ]
        }
      ]
    },
    {
      "module": "module.nfs[0]",
      "mode": "managed",
      "type": "proxmox_vm_qemu",
      "name": "vm",
      "provider": "provider[\"registry.terraform.io/telmate/proxmox\"]",
      "instances": [
        {
          "schema_version": 0,
          "attributes": {
            "additional_wait": 15,
            "agent": 1,
            "args": "",
            "balloon": 0,
            "bios": "seabios",
            "boot": "cdn",
            "bootdisk": "scsi0",
            "bridge": "",
            "ci_wait": null,
            "cicustom": "user=local:snippets/cloud_init_nfs-0.yml",
            "cipassword": "",
            "ciuser": "",
            "clone": "ubuntu-2004-cloudinit-template",
            "clone_wait": 15,
            "cloudinit_cdrom_storage": null,
            "cores": 2,
            "cpu": "host",
            "default_ipv4_address": "10.0.0.72",
            "define_connection_info": true,
            "desc": "",
            "disk": [
              {
                "backup": 0,
                "cache": "none",
                "discard": "",
                "file": "vm-102-disk-0",
                "format": "",
                "iothread": 0,
                "mbps": 0,
                "mbps_rd": 0,
                "mbps_rd_max": 0,
                "mbps_wr": 0,
                "mbps_wr_max": 0,
                "media": "",
                "replicate": 0,
                "size": "120G",
                "slot": 0,
                "ssd": 0,
                "storage": "local-thpl",
                "storage_type": "lvmthin",
                "type": "scsi",
                "volume": "local-thpl:vm-102-disk-0"
              }
            ],
            "disk_gb": 0,
            "force_create": false,
            "force_recreate_on_change_of": null,
            "full_clone": true,
            "guest_agent_ready_timeout": 600,
            "hastate": "",
            "hotplug": "network,disk,usb",
            "id": "pve/qemu/102",
            "ipconfig0": "ip=dhcp",
            "ipconfig1": "",
            "ipconfig2": "",
            "ipconfig3": "",
            "ipconfig4": "",
            "ipconfig5": "",
            "iso": null,
            "kvm": true,
            "mac": "",
            "memory": 2048,
            "name": "nfs-0",
            "nameserver": "",
            "network": [
              {
                "bridge": "vmbr1",
                "firewall": false,
                "link_down": false,
                "macaddr": "8A:8E:D9:B0:AF:4A",
                "model": "virtio",
                "queues": 0,
                "rate": 0,
                "tag": -1
              }
            ],
            "nic": "",
            "numa": false,
            "onboot": true,
            "os_network_config": null,
            "os_type": "cloud-init",
            "pool": "",
            "preprovision": true,
            "qemu_os": "other",
            "reboot_required": false,
            "scsihw": "virtio-scsi-pci",
            "searchdomain": "",
            "serial": [],
            "sockets": 1,
            "ssh_forward_ip": null,
            "ssh_host": "10.0.0.72",
            "ssh_port": "22",
            "ssh_private_key": null,
            "ssh_user": null,
            "sshkeys": "",
            "storage": "",
            "storage_type": "",
            "tags": "",
            "target_node": "pve",
            "unused_disk": [],
            "vcpus": 0,
            "vga": [],
            "vlan": -1,
            "vmid": null
          },
          "sensitive_attributes": [],
          "private": "bnVsbA==",
          "dependencies": [
            "module.nfs.data.template_file.cloud_init",
            "module.nfs.local_file.cloud_init",
            "module.nfs.null_resource.cloud_init"
          ]
        }
      ]
    },
    {
      "module": "module.vms[0]",
      "mode": "data",
      "type": "template_file",
      "name": "cloud_init",
      "provider": "provider[\"registry.terraform.io/hashicorp/template\"]",
      "instances": [
        {
          "schema_version": 0,
          "attributes": {
            "filename": null,
            "id": "1a69e730a16c2ceaeacb92f2f66380d97e681fdad862aaa79d73554294c6d1a3",
            "rendered": "#cloud-config\nusers:\n  - name: ansible\n    ssh-authorized-keys:\n      - ssh-rsa AAAAB3NzaC1yc2EAAAADAQABAAABAQC9XgHAVxdlC/CHgRlcJ4BolMVVP2Gkcx9tSxAi5tgDqayd1WTKx+8n1zz3Uo/bqSncTlCCixyVGlxDCci2jGxqa415tP9JOE6oO9EhrtzAoVcS0GpwBgBKdob7liP+EtfDqYpbk2k1XIRwhFAySIHt6MmnkHemmxdHA6CzIgEH5Z+1YC3GEvjZ4nFszdKneCUEptRHa84t/TUULeboZ2xsFEqWqOUS7tjtp/h5yBViKLyPIt6vbTuShFYEo49xcodqqWM/JYCqvFtcRXtedscFBKn6LsCRr2Kkw4qlR7xRdRC+m92qvf0WF7dnV9xqjwcriOmJpP+an05X0vchK3EZ craig@Craigs-MBP.home\n\n    sudo: ['ALL=(ALL) NOPASSWD:ALL']\n    groups: sudo\n    shell: /bin/bash\n\npackages: [\"jq\",\"qemu-guest-agent\"]\npackage_update: true\npackage_upgrade: true\n\nfqdn: node-0\n\npower_state:\n  mode: reboot\n",
            "template": "#cloud-config\nusers:\n  - name: ${username}\n    ssh-authorized-keys:\n      - ${ssh_public_key}\n    sudo: ['ALL=(ALL) NOPASSWD:ALL']\n    groups: sudo\n    shell: /bin/bash\n\npackages: ${packages}\npackage_update: true\npackage_upgrade: true\n\nfqdn: ${hostname}\n\npower_state:\n  mode: reboot\n",
            "vars": {
              "hostname": "node-0",
              "packages": "[\"jq\",\"qemu-guest-agent\"]",
              "ssh_public_key": "ssh-rsa AAAAB3NzaC1yc2EAAAADAQABAAABAQC9XgHAVxdlC/CHgRlcJ4BolMVVP2Gkcx9tSxAi5tgDqayd1WTKx+8n1zz3Uo/bqSncTlCCixyVGlxDCci2jGxqa415tP9JOE6oO9EhrtzAoVcS0GpwBgBKdob7liP+EtfDqYpbk2k1XIRwhFAySIHt6MmnkHemmxdHA6CzIgEH5Z+1YC3GEvjZ4nFszdKneCUEptRHa84t/TUULeboZ2xsFEqWqOUS7tjtp/h5yBViKLyPIt6vbTuShFYEo49xcodqqWM/JYCqvFtcRXtedscFBKn6LsCRr2Kkw4qlR7xRdRC+m92qvf0WF7dnV9xqjwcriOmJpP+an05X0vchK3EZ craig@Craigs-MBP.home\n",
              "username": "ansible"
            }
          },
          "sensitive_attributes": []
        }
      ]
    },
    {
      "module": "module.vms[0]",
      "mode": "managed",
      "type": "local_file",
      "name": "cloud_init",
      "provider": "provider[\"registry.terraform.io/hashicorp/local\"]",
      "instances": [
        {
          "schema_version": 0,
          "attributes": {
            "content": "#cloud-config\nusers:\n  - name: ansible\n    ssh-authorized-keys:\n      - ssh-rsa AAAAB3NzaC1yc2EAAAADAQABAAABAQC9XgHAVxdlC/CHgRlcJ4BolMVVP2Gkcx9tSxAi5tgDqayd1WTKx+8n1zz3Uo/bqSncTlCCixyVGlxDCci2jGxqa415tP9JOE6oO9EhrtzAoVcS0GpwBgBKdob7liP+EtfDqYpbk2k1XIRwhFAySIHt6MmnkHemmxdHA6CzIgEH5Z+1YC3GEvjZ4nFszdKneCUEptRHa84t/TUULeboZ2xsFEqWqOUS7tjtp/h5yBViKLyPIt6vbTuShFYEo49xcodqqWM/JYCqvFtcRXtedscFBKn6LsCRr2Kkw4qlR7xRdRC+m92qvf0WF7dnV9xqjwcriOmJpP+an05X0vchK3EZ craig@Craigs-MBP.home\n\n    sudo: ['ALL=(ALL) NOPASSWD:ALL']\n    groups: sudo\n    shell: /bin/bash\n\npackages: [\"jq\",\"qemu-guest-agent\"]\npackage_update: true\npackage_upgrade: true\n\nfqdn: node-0\n\npower_state:\n  mode: reboot\n",
            "content_base64": null,
            "directory_permission": "0777",
            "file_permission": "0777",
            "filename": "modules/proxmox-cloud-init/files/user_data_cloud_init_node-0.cfg",
            "id": "ec435fd07945016bd26a2b787ce06b4d23d51685",
            "sensitive_content": null,
            "source": null
          },
          "sensitive_attributes": [],
          "private": "bnVsbA==",
          "dependencies": [
            "module.vms.data.template_file.cloud_init"
          ]
        }
      ]
    },
    {
      "module": "module.vms[0]",
      "mode": "managed",
      "type": "null_resource",
      "name": "cloud_init",
      "provider": "provider[\"registry.terraform.io/hashicorp/null\"]",
      "instances": [
        {
          "schema_version": 0,
          "attributes": {
            "id": "419397353561411946",
            "triggers": null
          },
          "sensitive_attributes": [],
          "private": "bnVsbA==",
          "dependencies": [
            "module.vms.data.template_file.cloud_init",
            "module.vms.local_file.cloud_init"
          ]
        }
      ]
    },
    {
      "module": "module.vms[0]",
      "mode": "managed",
      "type": "proxmox_vm_qemu",
      "name": "vm",
      "provider": "provider[\"registry.terraform.io/telmate/proxmox\"]",
      "instances": [
        {
          "schema_version": 0,
          "attributes": {
            "additional_wait": 15,
            "agent": 1,
            "args": "",
            "balloon": 0,
            "bios": "seabios",
            "boot": "cdn",
            "bootdisk": "scsi0",
            "bridge": "",
            "ci_wait": null,
            "cicustom": "user=local:snippets/cloud_init_node-0.yml",
            "cipassword": "",
            "ciuser": "",
            "clone": "ubuntu-2004-cloudinit-template",
            "clone_wait": 15,
            "cloudinit_cdrom_storage": null,
            "cores": 4,
            "cpu": "host",
            "default_ipv4_address": "10.0.0.73",
            "define_connection_info": true,
            "desc": "",
            "disk": [
              {
                "backup": 0,
                "cache": "none",
                "discard": "",
                "file": "vm-100-disk-0",
                "format": "",
                "iothread": 0,
                "mbps": 0,
                "mbps_rd": 0,
                "mbps_rd_max": 0,
                "mbps_wr": 0,
                "mbps_wr_max": 0,
                "media": "",
                "replicate": 0,
                "size": "120G",
                "slot": 0,
                "ssd": 0,
                "storage": "local-thpl",
                "storage_type": "lvmthin",
                "type": "scsi",
                "volume": "local-thpl:vm-100-disk-0"
              }
            ],
            "disk_gb": 0,
            "force_create": false,
            "force_recreate_on_change_of": null,
            "full_clone": true,
            "guest_agent_ready_timeout": 600,
            "hastate": "",
            "hotplug": "network,disk,usb",
            "id": "pve/qemu/100",
            "ipconfig0": "ip=dhcp",
            "ipconfig1": "",
            "ipconfig2": "",
            "ipconfig3": "",
            "ipconfig4": "",
            "ipconfig5": "",
            "iso": null,
            "kvm": true,
            "mac": "",
            "memory": 8192,
            "name": "node-0",
            "nameserver": "",
            "network": [
              {
                "bridge": "vmbr1",
                "firewall": false,
                "link_down": false,
                "macaddr": "BE:3C:B5:71:5F:46",
                "model": "virtio",
                "queues": 0,
                "rate": 0,
                "tag": -1
              }
            ],
            "nic": "",
            "numa": false,
            "onboot": true,
            "os_network_config": null,
            "os_type": "cloud-init",
            "pool": "",
            "preprovision": true,
            "qemu_os": "other",
            "reboot_required": false,
            "scsihw": "virtio-scsi-pci",
            "searchdomain": "",
            "serial": [],
            "sockets": 1,
            "ssh_forward_ip": null,
            "ssh_host": "10.0.0.73",
            "ssh_port": "22",
            "ssh_private_key": null,
            "ssh_user": null,
            "sshkeys": "",
            "storage": "",
            "storage_type": "",
            "tags": "",
            "target_node": "pve",
            "unused_disk": [],
            "vcpus": 0,
            "vga": [],
            "vlan": -1,
            "vmid": null
          },
          "sensitive_attributes": [],
          "private": "bnVsbA==",
          "dependencies": [
            "module.vms.data.template_file.cloud_init",
            "module.vms.local_file.cloud_init",
            "module.vms.null_resource.cloud_init"
          ]
        }
      ]
    },
    {
      "module": "module.vms[1]",
      "mode": "data",
      "type": "template_file",
      "name": "cloud_init",
      "provider": "provider[\"registry.terraform.io/hashicorp/template\"]",
      "instances": [
        {
          "schema_version": 0,
          "attributes": {
            "filename": null,
            "id": "829f63f653717d27305f17c2c2b19ebedc4630df8b8f60a113380cafe6418749",
            "rendered": "#cloud-config\nusers:\n  - name: ansible\n    ssh-authorized-keys:\n      - ssh-rsa AAAAB3NzaC1yc2EAAAADAQABAAABAQC9XgHAVxdlC/CHgRlcJ4BolMVVP2Gkcx9tSxAi5tgDqayd1WTKx+8n1zz3Uo/bqSncTlCCixyVGlxDCci2jGxqa415tP9JOE6oO9EhrtzAoVcS0GpwBgBKdob7liP+EtfDqYpbk2k1XIRwhFAySIHt6MmnkHemmxdHA6CzIgEH5Z+1YC3GEvjZ4nFszdKneCUEptRHa84t/TUULeboZ2xsFEqWqOUS7tjtp/h5yBViKLyPIt6vbTuShFYEo49xcodqqWM/JYCqvFtcRXtedscFBKn6LsCRr2Kkw4qlR7xRdRC+m92qvf0WF7dnV9xqjwcriOmJpP+an05X0vchK3EZ craig@Craigs-MBP.home\n\n    sudo: ['ALL=(ALL) NOPASSWD:ALL']\n    groups: sudo\n    shell: /bin/bash\n\npackages: [\"jq\",\"qemu-guest-agent\"]\npackage_update: true\npackage_upgrade: true\n\nfqdn: node-1\n\npower_state:\n  mode: reboot\n",
            "template": "#cloud-config\nusers:\n  - name: ${username}\n    ssh-authorized-keys:\n      - ${ssh_public_key}\n    sudo: ['ALL=(ALL) NOPASSWD:ALL']\n    groups: sudo\n    shell: /bin/bash\n\npackages: ${packages}\npackage_update: true\npackage_upgrade: true\n\nfqdn: ${hostname}\n\npower_state:\n  mode: reboot\n",
            "vars": {
              "hostname": "node-1",
              "packages": "[\"jq\",\"qemu-guest-agent\"]",
              "ssh_public_key": "ssh-rsa AAAAB3NzaC1yc2EAAAADAQABAAABAQC9XgHAVxdlC/CHgRlcJ4BolMVVP2Gkcx9tSxAi5tgDqayd1WTKx+8n1zz3Uo/bqSncTlCCixyVGlxDCci2jGxqa415tP9JOE6oO9EhrtzAoVcS0GpwBgBKdob7liP+EtfDqYpbk2k1XIRwhFAySIHt6MmnkHemmxdHA6CzIgEH5Z+1YC3GEvjZ4nFszdKneCUEptRHa84t/TUULeboZ2xsFEqWqOUS7tjtp/h5yBViKLyPIt6vbTuShFYEo49xcodqqWM/JYCqvFtcRXtedscFBKn6LsCRr2Kkw4qlR7xRdRC+m92qvf0WF7dnV9xqjwcriOmJpP+an05X0vchK3EZ craig@Craigs-MBP.home\n",
              "username": "ansible"
            }
          },
          "sensitive_attributes": []
        }
      ]
    },
    {
      "module": "module.vms[1]",
      "mode": "managed",
      "type": "local_file",
      "name": "cloud_init",
      "provider": "provider[\"registry.terraform.io/hashicorp/local\"]",
      "instances": [
        {
          "schema_version": 0,
          "attributes": {
            "content": "#cloud-config\nusers:\n  - name: ansible\n    ssh-authorized-keys:\n      - ssh-rsa AAAAB3NzaC1yc2EAAAADAQABAAABAQC9XgHAVxdlC/CHgRlcJ4BolMVVP2Gkcx9tSxAi5tgDqayd1WTKx+8n1zz3Uo/bqSncTlCCixyVGlxDCci2jGxqa415tP9JOE6oO9EhrtzAoVcS0GpwBgBKdob7liP+EtfDqYpbk2k1XIRwhFAySIHt6MmnkHemmxdHA6CzIgEH5Z+1YC3GEvjZ4nFszdKneCUEptRHa84t/TUULeboZ2xsFEqWqOUS7tjtp/h5yBViKLyPIt6vbTuShFYEo49xcodqqWM/JYCqvFtcRXtedscFBKn6LsCRr2Kkw4qlR7xRdRC+m92qvf0WF7dnV9xqjwcriOmJpP+an05X0vchK3EZ craig@Craigs-MBP.home\n\n    sudo: ['ALL=(ALL) NOPASSWD:ALL']\n    groups: sudo\n    shell: /bin/bash\n\npackages: [\"jq\",\"qemu-guest-agent\"]\npackage_update: true\npackage_upgrade: true\n\nfqdn: node-1\n\npower_state:\n  mode: reboot\n",
            "content_base64": null,
            "directory_permission": "0777",
            "file_permission": "0777",
            "filename": "modules/proxmox-cloud-init/files/user_data_cloud_init_node-1.cfg",
            "id": "2a55f81a1a97df42584e45bb9c24d7dd28a0139e",
            "sensitive_content": null,
            "source": null
          },
          "sensitive_attributes": [],
          "private": "bnVsbA==",
          "dependencies": [
            "module.vms.data.template_file.cloud_init"
          ]
        }
      ]
    },
    {
      "module": "module.vms[1]",
      "mode": "managed",
      "type": "null_resource",
      "name": "cloud_init",
      "provider": "provider[\"registry.terraform.io/hashicorp/null\"]",
      "instances": [
        {
          "schema_version": 0,
          "attributes": {
            "id": "7297205509277194112",
            "triggers": null
          },
          "sensitive_attributes": [],
          "private": "bnVsbA==",
          "dependencies": [
            "module.vms.data.template_file.cloud_init",
            "module.vms.local_file.cloud_init"
          ]
        }
      ]
    },
    {
      "module": "module.vms[1]",
      "mode": "managed",
      "type": "proxmox_vm_qemu",
      "name": "vm",
      "provider": "provider[\"registry.terraform.io/telmate/proxmox\"]",
      "instances": [
        {
          "schema_version": 0,
          "attributes": {
            "additional_wait": 15,
            "agent": 1,
            "args": "",
            "balloon": 0,
            "bios": "seabios",
            "boot": "cdn",
            "bootdisk": "scsi0",
            "bridge": "",
            "ci_wait": null,
            "cicustom": "user=local:snippets/cloud_init_node-1.yml",
            "cipassword": "",
            "ciuser": "",
            "clone": "ubuntu-2004-cloudinit-template",
            "clone_wait": 15,
            "cloudinit_cdrom_storage": null,
            "cores": 4,
            "cpu": "host",
            "default_ipv4_address": "10.0.0.74",
            "define_connection_info": true,
            "desc": "",
            "disk": [
              {
                "backup": 0,
                "cache": "none",
                "discard": "",
                "file": "vm-103-disk-0",
                "format": "",
                "iothread": 0,
                "mbps": 0,
                "mbps_rd": 0,
                "mbps_rd_max": 0,
                "mbps_wr": 0,
                "mbps_wr_max": 0,
                "media": "",
                "replicate": 0,
                "size": "120G",
                "slot": 0,
                "ssd": 0,
                "storage": "local-thpl",
                "storage_type": "lvmthin",
                "type": "scsi",
                "volume": "local-thpl:vm-103-disk-0"
              }
            ],
            "disk_gb": 0,
            "force_create": false,
            "force_recreate_on_change_of": null,
            "full_clone": true,
            "guest_agent_ready_timeout": 600,
            "hastate": "",
            "hotplug": "network,disk,usb",
            "id": "pve/qemu/103",
            "ipconfig0": "ip=dhcp",
            "ipconfig1": "",
            "ipconfig2": "",
            "ipconfig3": "",
            "ipconfig4": "",
            "ipconfig5": "",
            "iso": null,
            "kvm": true,
            "mac": "",
            "memory": 8192,
            "name": "node-1",
            "nameserver": "",
            "network": [
              {
                "bridge": "vmbr1",
                "firewall": false,
                "link_down": false,
                "macaddr": "12:7B:7A:7A:31:2F",
                "model": "virtio",
                "queues": 0,
                "rate": 0,
                "tag": -1
              }
            ],
            "nic": "",
            "numa": false,
            "onboot": true,
            "os_network_config": null,
            "os_type": "cloud-init",
            "pool": "",
            "preprovision": true,
            "qemu_os": "other",
            "reboot_required": false,
            "scsihw": "virtio-scsi-pci",
            "searchdomain": "",
            "serial": [],
            "sockets": 1,
            "ssh_forward_ip": null,
            "ssh_host": "10.0.0.74",
            "ssh_port": "22",
            "ssh_private_key": null,
            "ssh_user": null,
            "sshkeys": "",
            "storage": "",
            "storage_type": "",
            "tags": "",
            "target_node": "pve",
            "unused_disk": [],
            "vcpus": 0,
            "vga": [],
            "vlan": -1,
            "vmid": null
          },
          "sensitive_attributes": [],
          "private": "bnVsbA==",
          "dependencies": [
            "module.vms.data.template_file.cloud_init",
            "module.vms.local_file.cloud_init",
            "module.vms.null_resource.cloud_init"
          ]
        }
      ]
    }
  ]
}
